
Microsoft Visual Studio Solution File, Format Version 12.00
# Visual Studio Version 16
VisualStudioVersion = 16.0.30406.217
MinimumVisualStudioVersion = 10.0.40219.1
Project("{FAE04EC0-301F-11D3-BF4B-00C04F79EFBC}") = "WebAPI", "WebAPI.csproj", "{440EE128-92F2-418B-9158-64DF6C945B73}"
EndProject
Project("{FAE04EC0-301F-11D3-BF4B-00C04F79EFBC}") = "WebAPITestProject", "..\WebAPITestProject\WebAPITestProject.csproj", "{C4808C04-63CA-4926-850D-1A551E66B69E}"
EndProject
Global
	GlobalSection(SolutionConfigurationPlatforms) = preSolution
		Debug|Any CPU = Debug|Any CPU
		Release|Any CPU = Release|Any CPU
	EndGlobalSection
	GlobalSection(ProjectConfigurationPlatforms) = postSolution
		{440EE128-92F2-418B-9158-64DF6C945B73}.Debug|Any CPU.ActiveCfg = Debug|Any CPU
		{440EE128-92F2-418B-9158-64DF6C945B73}.Debug|Any CPU.Build.0 = Debug|Any CPU
		{440EE128-92F2-418B-9158-64DF6C945B73}.Release|Any CPU.ActiveCfg = Release|Any CPU
		{440EE128-92F2-418B-9158-64DF6C945B73}.Release|Any CPU.Build.0 = Release|Any CPU
		{C4808C04-63CA-4926-850D-1A551E66B69E}.Debug|Any CPU.ActiveCfg = Debug|Any CPU
		{C4808C04-63CA-4926-850D-1A551E66B69E}.Debug|Any CPU.Build.0 = Debug|Any CPU
		{C4808C04-63CA-4926-850D-1A551E66B69E}.Release|Any CPU.ActiveCfg = Release|Any CPU
		{C4808C04-63CA-4926-850D-1A551E66B69E}.Release|Any CPU.Build.0 = Release|Any CPU
	EndGlobalSection
	GlobalSection(SolutionProperties) = preSolution
		HideSolutionNode = FALSE
	EndGlobalSection
	GlobalSection(ExtensibilityGlobals) = postSolution
		SolutionGuid = {67FE5451-F973-416E-8F25-DE9F82F777CF}
	EndGlobalSection
EndGlobal
